# Linux amd64 / CPython 3.14 static-analysis gate.
# Regenerate only from reviewed PyPI artifacts and update every hash atomically.
bandit==1.9.4 \
    --hash=sha256:f89ffa663767f5a0585ea075f01020207e966a9c0f2b9ef56a57c7963a3f6f8e
markdown-it-py==4.2.0 \
    --hash=sha256:9f7ebbcd14fe59494226453aed97c1070d83f8d24b6fc3a3bcf9a38092641c4a
mdurl==0.1.2 \
    --hash=sha256:84008a41e51615a49fc9966191ff91509e3c40b939176e643fd50a5c2196b8f8
Pygments==2.21.0 \
    --hash=sha256:2363c69b61c4a97c838da3b130dcd6468f4848992b21a82f2a63ec34377137d9
PyYAML==6.0.3 \
    --hash=sha256:c458b6d084f9b935061bc36216e8a69a7e293a2f1e68bf956dcd9e6cbcd143f5
rich==15.0.0 \
    --hash=sha256:33bd4ef74232fb73fe9279a257718407f169c09b78a87ad3d296f548e27de0bb
stevedore==5.9.1 \
    --hash=sha256:5c8ff3a9f336cc1a06ac0f597bc79d11a2f950bfd32e290ca56b5a301fafafbf
